
Microsoft Visual Studio Solution File, Format Version 12.00
# Visual Studio 15
Project("{FAE04EC0-301F-11D3-BF4B-00C04F79EFBC}") = "DungeonMaster", "DungeonMaster\DungeonMaster.csproj", "{69C2F263-3AB7-4E35-9D2C-85E16BEB02E1}"
EndProject
Global
	GlobalSection(SolutionConfigurationPlatforms) = preSolution
		Debug|anycpu = Debug|anycpu
		Release|anycpu = Release|anycpu
	EndGlobalSection
	GlobalSection(ProjectConfigurationPlatforms) = postSolution
		{69C2F263-3AB7-4E35-9D2C-85E16BEB02E1}.Debug|anycpu.ActiveCfg = Debug|anycpu
		{69C2F263-3AB7-4E35-9D2C-85E16BEB02E1}.Debug|anycpu.Build.0 = Debug|anycpu
		{69C2F263-3AB7-4E35-9D2C-85E16BEB02E1}.Release|anycpu.ActiveCfg = Release|anycpu
		{69C2F263-3AB7-4E35-9D2C-85E16BEB02E1}.Release|anycpu.Build.0 = Release|anycpu
	EndGlobalSection
EndGlobal
